
Microsoft Visual Studio Solution File, Format Version 12.00
# Visual Studio Version 17
VisualStudioVersion = 17.13.35931.197 d17.13
MinimumVisualStudioVersion = 10.0.40219.1
Project("{FAE04EC0-301F-11D3-BF4B-00C04F79EFBC}") = "MvcLearning", "MvcLearning\MvcLearning.csproj", "{FCDC8364-FC8F-4B97-ADC8-A59522FE18BE}"
EndProject
Project("{FAE04EC0-301F-11D3-BF4B-00C04F79EFBC}") = "MvcLearning.Data", "MvcLearning.Data\MvcLearning.Data.csproj", "{4F2232DA-F0F8-4FBF-9691-6CEABD04F337}"
EndProject
Global
	GlobalSection(SolutionConfigurationPlatforms) = preSolution
		Debug|Any CPU = Debug|Any CPU
		Release|Any CPU = Release|Any CPU
	EndGlobalSection
	GlobalSection(ProjectConfigurationPlatforms) = postSolution
		{FCDC8364-FC8F-4B97-ADC8-A59522FE18BE}.Debug|Any CPU.ActiveCfg = Debug|Any CPU
		{FCDC8364-FC8F-4B97-ADC8-A59522FE18BE}.Debug|Any CPU.Build.0 = Debug|Any CPU
		{FCDC8364-FC8F-4B97-ADC8-A59522FE18BE}.Release|Any CPU.ActiveCfg = Release|Any CPU
		{FCDC8364-FC8F-4B97-ADC8-A59522FE18BE}.Release|Any CPU.Build.0 = Release|Any CPU
		{4F2232DA-F0F8-4FBF-9691-6CEABD04F337}.Debug|Any CPU.ActiveCfg = Debug|Any CPU
		{4F2232DA-F0F8-4FBF-9691-6CEABD04F337}.Debug|Any CPU.Build.0 = Debug|Any CPU
		{4F2232DA-F0F8-4FBF-9691-6CEABD04F337}.Release|Any CPU.ActiveCfg = Release|Any CPU
		{4F2232DA-F0F8-4FBF-9691-6CEABD04F337}.Release|Any CPU.Build.0 = Release|Any CPU
	EndGlobalSection
	GlobalSection(SolutionProperties) = preSolution
		HideSolutionNode = FALSE
	EndGlobalSection
	GlobalSection(ExtensibilityGlobals) = postSolution
		SolutionGuid = {C90DC71C-6CDA-40C3-8F72-747629DC9041}
	EndGlobalSection
EndGlobal
